
Microsoft Visual Studio Solution File, Format Version 12.00
# Visual Studio Version 17
VisualStudioVersion = 17.14.36811.4
MinimumVisualStudioVersion = 10.0.40219.1
Project("{FAE04EC0-301F-11D3-BF4B-00C04F79EFBC}") = "HelloWorld", "HelloWorld\HelloWorld.csproj", "{615185B0-EC8E-451F-83C2-A8A6152D6E22}"
EndProject
Project("{FAE04EC0-301F-11D3-BF4B-00C04F79EFBC}") = "FormControls", "FormControls\FormControls.csproj", "{CA7FF7BA-5D25-4BE3-92C2-E21B646F01C1}"
EndProject
Project("{FAE04EC0-301F-11D3-BF4B-00C04F79EFBC}") = "Calculator", "Calculator\Calculator.csproj", "{E5E4731C-B00D-426F-BA57-7B3DD56DBFF0}"
EndProject
Global
	GlobalSection(SolutionConfigurationPlatforms) = preSolution
		Debug|Any CPU = Debug|Any CPU
		Release|Any CPU = Release|Any CPU
	EndGlobalSection
	GlobalSection(ProjectConfigurationPlatforms) = postSolution
		{615185B0-EC8E-451F-83C2-A8A6152D6E22}.Debug|Any CPU.ActiveCfg = Debug|Any CPU
		{615185B0-EC8E-451F-83C2-A8A6152D6E22}.Debug|Any CPU.Build.0 = Debug|Any CPU
		{615185B0-EC8E-451F-83C2-A8A6152D6E22}.Release|Any CPU.ActiveCfg = Release|Any CPU
		{615185B0-EC8E-451F-83C2-A8A6152D6E22}.Release|Any CPU.Build.0 = Release|Any CPU
		{CA7FF7BA-5D25-4BE3-92C2-E21B646F01C1}.Debug|Any CPU.ActiveCfg = Debug|Any CPU
		{CA7FF7BA-5D25-4BE3-92C2-E21B646F01C1}.Debug|Any CPU.Build.0 = Debug|Any CPU
		{CA7FF7BA-5D25-4BE3-92C2-E21B646F01C1}.Release|Any CPU.ActiveCfg = Release|Any CPU
		{CA7FF7BA-5D25-4BE3-92C2-E21B646F01C1}.Release|Any CPU.Build.0 = Release|Any CPU
		{E5E4731C-B00D-426F-BA57-7B3DD56DBFF0}.Debug|Any CPU.ActiveCfg = Debug|Any CPU
		{E5E4731C-B00D-426F-BA57-7B3DD56DBFF0}.Debug|Any CPU.Build.0 = Debug|Any CPU
		{E5E4731C-B00D-426F-BA57-7B3DD56DBFF0}.Release|Any CPU.ActiveCfg = Release|Any CPU
		{E5E4731C-B00D-426F-BA57-7B3DD56DBFF0}.Release|Any CPU.Build.0 = Release|Any CPU
	EndGlobalSection
	GlobalSection(SolutionProperties) = preSolution
		HideSolutionNode = FALSE
	EndGlobalSection
	GlobalSection(ExtensibilityGlobals) = postSolution
		SolutionGuid = {E48058DF-5BA6-4D41-9774-76B922EE2116}
	EndGlobalSection
EndGlobal
